
Microsoft Visual Studio Solution File, Format Version 12.00
# Visual Studio Version 16
VisualStudioVersion = 16.0.30717.126
MinimumVisualStudioVersion = 10.0.40219.1
Project("{FAE04EC0-301F-11D3-BF4B-00C04F79EFBC}") = "lab16", "ISPlabs\lab16.csproj", "{22B2A74B-B3AA-4F7D-9336-BE9BB3E70A0D}"
EndProject
Project("{9A19103F-16F7-4668-BE54-9A1E7A4F7556}") = "lab12", "lab12\lab12.csproj", "{728247BD-3180-4555-9307-F55F43F76A15}"
EndProject
Project("{FAE04EC0-301F-11D3-BF4B-00C04F79EFBC}") = "lab17", "WpfApp1\lab17.csproj", "{C3E27FFA-F8FE-4425-97F8-D12016457835}"
EndProject
Project("{FAE04EC0-301F-11D3-BF4B-00C04F79EFBC}") = "lab18", "lab18\lab18.csproj", "{BA77958C-48B7-4523-9683-4B34F3CD8BF4}"
EndProject
Project("{FAE04EC0-301F-11D3-BF4B-00C04F79EFBC}") = "lab19", "lab19\lab19.csproj", "{ED41C06D-70B2-4065-BF55-D4AF5FF36B15}"
EndProject
Project("{FAE04EC0-301F-11D3-BF4B-00C04F79EFBC}") = "lab13_14", "lab13_14\lab13_14.csproj", "{24A90243-6424-4497-AB13-B7C5EB3F40A9}"
EndProject
Project("{FAE04EC0-301F-11D3-BF4B-00C04F79EFBC}") = "lab15", "lab15\lab15.csproj", "{702114EE-F559-4166-A467-2C225EB33724}"
EndProject
Global
	GlobalSection(SolutionConfigurationPlatforms) = preSolution
		Debug|Any CPU = Debug|Any CPU
		Release|Any CPU = Release|Any CPU
	EndGlobalSection
	GlobalSection(ProjectConfigurationPlatforms) = postSolution
		{22B2A74B-B3AA-4F7D-9336-BE9BB3E70A0D}.Debug|Any CPU.ActiveCfg = Debug|Any CPU
		{22B2A74B-B3AA-4F7D-9336-BE9BB3E70A0D}.Debug|Any CPU.Build.0 = Debug|Any CPU
		{22B2A74B-B3AA-4F7D-9336-BE9BB3E70A0D}.Release|Any CPU.ActiveCfg = Release|Any CPU
		{22B2A74B-B3AA-4F7D-9336-BE9BB3E70A0D}.Release|Any CPU.Build.0 = Release|Any CPU
		{728247BD-3180-4555-9307-F55F43F76A15}.Debug|Any CPU.ActiveCfg = Debug|Any CPU
		{728247BD-3180-4555-9307-F55F43F76A15}.Debug|Any CPU.Build.0 = Debug|Any CPU
		{728247BD-3180-4555-9307-F55F43F76A15}.Release|Any CPU.ActiveCfg = Release|Any CPU
		{728247BD-3180-4555-9307-F55F43F76A15}.Release|Any CPU.Build.0 = Release|Any CPU
		{C3E27FFA-F8FE-4425-97F8-D12016457835}.Debug|Any CPU.ActiveCfg = Debug|Any CPU
		{C3E27FFA-F8FE-4425-97F8-D12016457835}.Debug|Any CPU.Build.0 = Debug|Any CPU
		{C3E27FFA-F8FE-4425-97F8-D12016457835}.Release|Any CPU.ActiveCfg = Release|Any CPU
		{C3E27FFA-F8FE-4425-97F8-D12016457835}.Release|Any CPU.Build.0 = Release|Any CPU
		{BA77958C-48B7-4523-9683-4B34F3CD8BF4}.Debug|Any CPU.ActiveCfg = Debug|Any CPU
		{BA77958C-48B7-4523-9683-4B34F3CD8BF4}.Debug|Any CPU.Build.0 = Debug|Any CPU
		{BA77958C-48B7-4523-9683-4B34F3CD8BF4}.Release|Any CPU.ActiveCfg = Release|Any CPU
		{BA77958C-48B7-4523-9683-4B34F3CD8BF4}.Release|Any CPU.Build.0 = Release|Any CPU
		{ED41C06D-70B2-4065-BF55-D4AF5FF36B15}.Debug|Any CPU.ActiveCfg = Debug|Any CPU
		{ED41C06D-70B2-4065-BF55-D4AF5FF36B15}.Debug|Any CPU.Build.0 = Debug|Any CPU
		{ED41C06D-70B2-4065-BF55-D4AF5FF36B15}.Release|Any CPU.ActiveCfg = Release|Any CPU
		{ED41C06D-70B2-4065-BF55-D4AF5FF36B15}.Release|Any CPU.Build.0 = Release|Any CPU
		{24A90243-6424-4497-AB13-B7C5EB3F40A9}.Debug|Any CPU.ActiveCfg = Debug|Any CPU
		{24A90243-6424-4497-AB13-B7C5EB3F40A9}.Debug|Any CPU.Build.0 = Debug|Any CPU
		{24A90243-6424-4497-AB13-B7C5EB3F40A9}.Release|Any CPU.ActiveCfg = Release|Any CPU
		{24A90243-6424-4497-AB13-B7C5EB3F40A9}.Release|Any CPU.Build.0 = Release|Any CPU
		{702114EE-F559-4166-A467-2C225EB33724}.Debug|Any CPU.ActiveCfg = Debug|Any CPU
		{702114EE-F559-4166-A467-2C225EB33724}.Debug|Any CPU.Build.0 = Debug|Any CPU
		{702114EE-F559-4166-A467-2C225EB33724}.Release|Any CPU.ActiveCfg = Release|Any CPU
		{702114EE-F559-4166-A467-2C225EB33724}.Release|Any CPU.Build.0 = Release|Any CPU
	EndGlobalSection
	GlobalSection(SolutionProperties) = preSolution
		HideSolutionNode = FALSE
	EndGlobalSection
	GlobalSection(ExtensibilityGlobals) = postSolution
		SolutionGuid = {7C81520D-ECAD-409D-9B1E-96AD99865DC6}
	EndGlobalSection
EndGlobal
